{
  "name": ".opencode",
  "lockfileVersion": 3,
  "requires": true,
  "packages": {
    "": {
      "dependencies": {
        "@opencode-ai/plugin": "^1.2.16"
      }
    },
    "node_modules/@opencode-ai/plugin": {
      "version": "1.2.16",
      "resolved": "https://registry.npmjs.org/@opencode-ai/plugin/-/plugin-1.2.16.tgz",
      "integrity": "sha512-9Kb7BQIC2P3oKCvI8K3thP5YP0vE7yLvcmBmgyACUIqc3e5UL6U+4umLpTvgQa2eQdjxtOXznuGTNwgcGMHUHg==",
      "license": "MIT",
      "dependencies": {
        "@opencode-ai/sdk": "1.2.16",
        "zod": "4.1.8"
      }
    },
    "node_modules/@opencode-ai/sdk": {
      "version": "1.2.16",
      "resolved": "https://registry.npmjs.org/@opencode-ai/sdk/-/sdk-1.2.16.tgz",
      "integrity": "sha512-y9ae9VnCcuog0GaI4DveX1HB6DBoZgGN3EuJVlRFbBCPwhzkls6fCfHSb5+VnTS6Fy0OWFUL28VBCmixL/D+/Q==",
      "license": "MIT"
    },
    "node_modules/zod": {
      "version": "4.1.8",
      "license": "MIT",
      "funding": {
        "url": "https://github.com/sponsors/colinhacks"
      }
    }
  }
}
